// !$*UTF8*$!
{
	archiveVersion = 1;
	classes = {
	};
	objectVersion = 46;
	objects = {

/* Begin PBXBuildFile section */
		BA224E3A1EDED6400097A334 /* AppDelegate.swift in Sources */ = {isa = PBXBuildFile; fileRef = BA224E391EDED6400097A334 /* AppDelegate.swift */; };
		BA224E3C1EDED6400097A334 /* ViewController.swift in Sources */ = {isa = PBXBuildFile; fileRef = BA224E3B1EDED6400097A334 /* ViewController.swift */; };
		BA224E3F1EDED6400097A334 /* Main.storyboard in Resources */ = {isa = PBXBuildFile; fileRef = BA224E3D1EDED6400097A334 /* Main.storyboard */; };
		BA224E411EDED6400097A334 /* Assets.xcassets in Resources */ = {isa = PBXBuildFile; fileRef = BA224E401EDED6400097A334 /* Assets.xcassets */; };
		BA224E441EDED6400097A334 /* LaunchScreen.storyboard in Resources */ = {isa = PBXBuildFile; fileRef = BA224E421EDED6400097A334 /* LaunchScreen.storyboard */; };
		BA224E4F1EDED6400097A334 /* AutoLayoutTests.swift in Sources */ = {isa = PBXBuildFile; fileRef = BA224E4E1EDED6400097A334 /* AutoLayoutTests.swift */; };
		BA224E5A1EDED6400097A334 /* AutoLayoutUITests.swift in Sources */ = {isa = PBXBuildFile; fileRef = BA224E591EDED6400097A334 /* AutoLayoutUITests.swift */; };
/* End PBXBuildFile section */

/* Begin PBXContainerItemProxy section */
		BA224E4B1EDED6400097A334 /* PBXContainerItemProxy */ = {
			isa = PBXContainerItemProxy;
			containerPortal = BA224E2E1EDED63F0097A334 /* Project object */;
			proxyType = 1;
			remoteGlobalIDString = BA224E351EDED6400097A334;
			remoteInfo = AutoLayout;
		};
		BA224E561EDED6400097A334 /* PBXContainerItemProxy */ = {
			isa = PBXContainerItemProxy;
			containerPortal = BA224E2E1EDED63F0097A334 /* Project object */;
			proxyType = 1;
			remoteGlobalIDString = BA224E351EDED6400097A334;
			remoteInfo = AutoLayout;
		};
/* End PBXContainerItemProxy section */

/* Begin PBXFileReference section */
		BA224E361EDED6400097A334 /* AutoLayout.app */ = {isa = PBXFileReference; explicitFileType = wrapper.application; includeInIndex = 0; path = AutoLayout.app; sourceTree = BUILT_PRODUCTS_DIR; };
		BA224E391EDED6400097A334 /* AppDelegate.swift */ = {isa = PBXFileReference; lastKnownFileType = sourcecode.swift; path = AppDelegate.swift; sourceTree = "<group>"; };
		BA224E3B1EDED6400097A334 /* ViewController.swift */ = {isa = PBXFileReference; lastKnownFileType = sourcecode.swift; path = ViewController.swift; sourceTree = "<group>"; };
		BA224E3E1EDED6400097A334 /* Base */ = {isa = PBXFileReference; lastKnownFileType = file.storyboard; name = Base; path = Base.lproj/Main.storyboard; sourceTree = "<group>"; };
		BA224E401EDED6400097A334 /* Assets.xcassets */ = {isa = PBXFileReference; lastKnownFileType = folder.assetcatalog; path = Assets.xcassets; sourceTree = "<group>"; };
		BA224E431EDED6400097A334 /* Base */ = {isa = PBXFileReference; lastKnownFileType = file.storyboard; name = Base; path = Base.lproj/LaunchScreen.storyboard; sourceTree = "<group>"; };
		BA224E451EDED6400097A334 /* Info.plist */ = {isa = PBXFileReference; lastKnownFileType = text.plist.xml; path = Info.plist; sourceTree = "<group>"; };
		BA224E4A1EDED6400097A334 /* AutoLayoutTests.xctest */ = {isa = PBXFileReference; explicitFileType = wrapper.cfbundle; includeInIndex = 0; path = AutoLayoutTests.xctest; sourceTree = BUILT_PRODUCTS_DIR; };
		BA224E4E1EDED6400097A334 /* AutoLayoutTests.swift */ = {isa = PBXFileReference; lastKnownFileType = sourcecode.swift; path = AutoLayoutTests.swift; sourceTree = "<group>"; };
		BA224E501EDED6400097A334 /* Info.plist */ = {isa = PBXFileReference; lastKnownFileType = text.plist.xml; path = Info.plist; sourceTree = "<group>"; };
		BA224E551EDED6400097A334 /* AutoLayoutUITests.xctest */ = {isa = PBXFileReference; explicitFileType = wrapper.cfbundle; includeInIndex = 0; path = AutoLayoutUITests.xctest; sourceTree = BUILT_PRODUCTS_DIR; };
		BA224E591EDED6400097A334 /* AutoLayoutUITests.swift */ = {isa = PBXFileReference; lastKnownFileType = sourcecode.swift; path = AutoLayoutUITests.swift; sourceTree = "<group>"; };
		BA224E5B1EDED6400097A334 /* Info.plist */ = {isa = PBXFileReference; lastKnownFileType = text.plist.xml; path = Info.plist; sourceTree = "<group>"; };
/* End PBXFileReference section */

/* Begin PBXFrameworksBuildPhase section */
		BA224E331EDED6400097A334 /* Frameworks */ = {
			isa = PBXFrameworksBuildPhase;
			buildActionMask = 2147483647;
			files = (
			);
			runOnlyForDeploymentPostprocessing = 0;
		};
		BA224E471EDED6400097A334 /* Frameworks */ = {
			isa = PBXFrameworksBuildPhase;
			buildActionMask = 2147483647;
			files = (
			);
			runOnlyForDeploymentPostprocessing = 0;
		};
		BA224E521EDED6400097A334 /* Frameworks */ = {
			isa = PBXFrameworksBuildPhase;
			buildActionMask = 2147483647;
			files = (
			);
			runOnlyForDeploymentPostprocessing = 0;
		};
/* End PBXFrameworksBuildPhase section */

/* Begin PBXGroup section */
		BA224E2D1EDED63F0097A334 = {
			isa = PBXGroup;
			children = (
				BA224E381EDED6400097A334 /* AutoLayout */,
				BA224E4D1EDED6400097A334 /* AutoLayoutTests */,
				BA224E581EDED6400097A334 /* AutoLayoutUITests */,
				BA224E371EDED6400097A334 /* Products */,
			);
			sourceTree = "<group>";
		};
		BA224E371EDED6400097A334 /* Products */ = {
			isa = PBXGroup;
			children = (
				BA224E361EDED6400097A334 /* AutoLayout.app */,
				BA224E4A1EDED6400097A334 /* AutoLayoutTests.xctest */,
				BA224E551EDED6400097A334 /* AutoLayoutUITests.xctest */,
			);
			name = Products;
			sourceTree = "<group>";
		};
		BA224E381EDED6400097A334 /* AutoLayout */ = {
			isa = PBXGroup;
			children = (
				BA224E391EDED6400097A334 /* AppDelegate.swift */,
				BA224E3B1EDED6400097A334 /* ViewController.swift */,
				BA224E3D1EDED6400097A334 /* Main.storyboard */,
				BA224E401EDED6400097A334 /* Assets.xcassets */,
				BA224E421EDED6400097A334 /* LaunchScreen.storyboard */,
				BA224E451EDED6400097A334 /* Info.plist */,
			);
			path = AutoLayout;
			sourceTree = "<group>";
		};
		BA224E4D1EDED6400097A334 /* AutoLayoutTests */ = {
			isa = PBXGroup;
			children = (
				BA224E4E1EDED6400097A334 /* AutoLayoutTests.swift */,
				BA224E501EDED6400097A334 /* Info.plist */,
			);
			path = AutoLayoutTests;
			sourceTree = "<group>";
		};
		BA224E581EDED6400097A334 /* AutoLayoutUITests */ = {
			isa = PBXGroup;
			children = (
				BA224E591EDED6400097A334 /* AutoLayoutUITests.swift */,
				BA224E5B1EDED6400097A334 /* Info.plist */,
			);
			path = AutoLayoutUITests;
			sourceTree = "<group>";
		};
/* End PBXGroup section */

/* Begin PBXNativeTarget section */
		BA224E351EDED6400097A334 /* AutoLayout */ = {
			isa = PBXNativeTarget;
			buildConfigurationList = BA224E5E1EDED6400097A334 /* Build configuration list for PBXNativeTarget "AutoLayout" */;
			buildPhases = (
				BA224E321EDED6400097A334 /* Sources */,
				BA224E331EDED6400097A334 /* Frameworks */,
				BA224E341EDED6400097A334 /* Resources */,
			);
			buildRules = (
			);
			dependencies = (
			);
			name = AutoLayout;
			productName = AutoLayout;
			productReference = BA224E361EDED6400097A334 /* AutoLayout.app */;
			productType = "com.apple.product-type.application";
		};
		BA224E491EDED6400097A334 /* AutoLayoutTests */ = {
			isa = PBXNativeTarget;
			buildConfigurationList = BA224E611EDED6400097A334 /* Build configuration list for PBXNativeTarget "AutoLayoutTests" */;
			buildPhases = (
				BA224E461EDED6400097A334 /* Sources */,
				BA224E471EDED6400097A334 /* Frameworks */,
				BA224E481EDED6400097A334 /* Resources */,
			);
			buildRules = (
			);
			dependencies = (
				BA224E4C1EDED6400097A334 /* PBXTargetDependency */,
			);
			name = AutoLayoutTests;
			productName = AutoLayoutTests;
			productReference = BA224E4A1EDED6400097A334 /* AutoLayoutTests.xctest */;
			productType = "com.apple.product-type.bundle.unit-test";
		};
		BA224E541EDED6400097A334 /* AutoLayoutUITests */ = {
			isa = PBXNativeTarget;
			buildConfigurationList = BA224E641EDED6400097A334 /* Build configuration list for PBXNativeTarget "AutoLayoutUITests" */;
			buildPhases = (
				BA224E511EDED6400097A334 /* Sources */,
				BA224E521EDED6400097A334 /* Frameworks */,
				BA224E531EDED6400097A334 /* Resources */,
			);
			buildRules = (
			);
			dependencies = (
				BA224E571EDED6400097A334 /* PBXTargetDependency */,
			);
			name = AutoLayoutUITests;
			productName = AutoLayoutUITests;
			productReference = BA224E551EDED6400097A334 /* AutoLayoutUITests.xctest */;
			productType = "com.apple.product-type.bundle.ui-testing";
		};
/* End PBXNativeTarget section */

/* Begin PBXProject section */
		BA224E2E1EDED63F0097A334 /* Project object */ = {
			isa = PBXProject;
			attributes = {
				LastSwiftUpdateCheck = 0830;
				LastUpgradeCheck = 0830;
				ORGANIZATIONNAME = "Jihyun Son";
				TargetAttributes = {
					BA224E351EDED6400097A334 = {
						CreatedOnToolsVersion = 8.3.2;
						ProvisioningStyle = Automatic;
					};
					BA224E491EDED6400097A334 = {
						CreatedOnToolsVersion = 8.3.2;
						ProvisioningStyle = Automatic;
						TestTargetID = BA224E351EDED6400097A334;
					};
					BA224E541EDED6400097A334 = {
						CreatedOnToolsVersion = 8.3.2;
						ProvisioningStyle = Automatic;
						TestTargetID = BA224E351EDED6400097A334;
					};
				};
			};
			buildConfigurationList = BA224E311EDED63F0097A334 /* Build configuration list for PBXProject "AutoLayout" */;
			compatibilityVersion = "Xcode 3.2";
			developmentRegion = English;
			hasScannedForEncodings = 0;
			knownRegions = (
				en,
				Base,
			);
			mainGroup = BA224E2D1EDED63F0097A334;
			productRefGroup = BA224E371EDED6400097A334 /* Products */;
			projectDirPath = "";
			projectRoot = "";
			targets = (
				BA224E351EDED6400097A334 /* AutoLayout */,
				BA224E491EDED6400097A334 /* AutoLayoutTests */,
				BA224E541EDED6400097A334 /* AutoLayoutUITests */,
			);
		};
/* End PBXProject section */

/* Begin PBXResourcesBuildPhase section */
		BA224E341EDED6400097A334 /* Resources */ = {
			isa = PBXResourcesBuildPhase;
			buildActionMask = 2147483647;
			files = (
				BA224E441EDED6400097A334 /* LaunchScreen.storyboard in Resources */,
				BA224E411EDED6400097A334 /* Assets.xcassets in Resources */,
				BA224E3F1EDED6400097A334 /* Main.storyboard in Resources */,
			);
			runOnlyForDeploymentPostprocessing = 0;
		};
		BA224E481EDED6400097A334 /* Resources */ = {
			isa = PBXResourcesBuildPhase;
			buildActionMask = 2147483647;
			files = (
			);
			runOnlyForDeploymentPostprocessing = 0;
		};
		BA224E531EDED6400097A334 /* Resources */ = {
			isa = PBXResourcesBuildPhase;
			buildActionMask = 2147483647;
			files = (
			);
			runOnlyForDeploymentPostprocessing = 0;
		};
/* End PBXResourcesBuildPhase section */

/* Begin PBXSourcesBuildPhase section */
		BA224E321EDED6400097A334 /* Sources */ = {
			isa = PBXSourcesBuildPhase;
			buildActionMask = 2147483647;
			files = (
				BA224E3C1EDED6400097A334 /* ViewController.swift in Sources */,
				BA224E3A1EDED6400097A334 /* AppDelegate.swift in Sources */,
			);
			runOnlyForDeploymentPostprocessing = 0;
		};
		BA224E461EDED6400097A334 /* Sources */ = {
			isa = PBXSourcesBuildPhase;
			buildActionMask = 2147483647;
			files = (
				BA224E4F1EDED6400097A334 /* AutoLayoutTests.swift in Sources */,
			);
			runOnlyForDeploymentPostprocessing = 0;
		};
		BA224E511EDED6400097A334 /* Sources */ = {
			isa = PBXSourcesBuildPhase;
			buildActionMask = 2147483647;
			files = (
				BA224E5A1EDED6400097A334 /* AutoLayoutUITests.swift in Sources */,
			);
			runOnlyForDeploymentPostprocessing = 0;
		};
/* End PBXSourcesBuildPhase section */

/* Begin PBXTargetDependency section */
		BA224E4C1EDED6400097A334 /* PBXTargetDependency */ = {
			isa = PBXTargetDependency;
			target = BA224E351EDED6400097A334 /* AutoLayout */;
			targetProxy = BA224E4B1EDED6400097A334 /* PBXContainerItemProxy */;
		};
		BA224E571EDED6400097A334 /* PBXTargetDependency */ = {
			isa = PBXTargetDependency;
			target = BA224E351EDED6400097A334 /* AutoLayout */;
			targetProxy = BA224E561EDED6400097A334 /* PBXContainerItemProxy */;
		};
/* End PBXTargetDependency section */

/* Begin PBXVariantGroup section */
		BA224E3D1EDED6400097A334 /* Main.storyboard */ = {
			isa = PBXVariantGroup;
			children = (
				BA224E3E1EDED6400097A334 /* Base */,
			);
			name = Main.storyboard;
			sourceTree = "<group>";
		};
		BA224E421EDED6400097A334 /* LaunchScreen.storyboard */ = {
			isa = PBXVariantGroup;
			children = (
				BA224E431EDED6400097A334 /* Base */,
			);
			name = LaunchScreen.storyboard;
			sourceTree = "<group>";
		};
/* End PBXVariantGroup section */

/* Begin XCBuildConfiguration section */
		BA224E5C1EDED6400097A334 /* Debug */ = {
			isa = XCBuildConfiguration;
			buildSettings = {
				ALWAYS_SEARCH_USER_PATHS = NO;
				CLANG_ANALYZER_NONNULL = YES;
				CLANG_ANALYZER_NUMBER_OBJECT_CONVERSION = YES_AGGRESSIVE;
				CLANG_CXX_LANGUAGE_STANDARD = "gnu++0x";
				CLANG_CXX_LIBRARY = "libc++";
				CLANG_ENABLE_MODULES = YES;
				CLANG_ENABLE_OBJC_ARC = YES;
				CLANG_WARN_BOOL_CONVERSION = YES;
				CLANG_WARN_CONSTANT_CONVERSION = YES;
				CLANG_WARN_DIRECT_OBJC_ISA_USAGE = YES_ERROR;
				CLANG_WARN_DOCUMENTATION_COMMENTS = YES;
				CLANG_WARN_EMPTY_BODY = YES;
				CLANG_WARN_ENUM_CONVERSION = YES;
				CLANG_WARN_INFINITE_RECURSION = YES;
				CLANG_WARN_INT_CONVERSION = YES;
				CLANG_WARN_OBJC_ROOT_CLASS = YES_ERROR;
				CLANG_WARN_SUSPICIOUS_MOVE = YES;
				CLANG_WARN_UNREACHABLE_CODE = YES;
				CLANG_WARN__DUPLICATE_METHOD_MATCH = YES;
				"CODE_SIGN_IDENTITY[sdk=iphoneos*]" = "iPhone Developer";
				COPY_PHASE_STRIP = NO;
				DEBUG_INFORMATION_FORMAT = dwarf;
				ENABLE_STRICT_OBJC_MSGSEND = YES;
				ENABLE_TESTABILITY = YES;
				GCC_C_LANGUAGE_STANDARD = gnu99;
				GCC_DYNAMIC_NO_PIC = NO;
				GCC_NO_COMMON_BLOCKS = YES;
				GCC_OPTIMIZATION_LEVEL = 0;
				GCC_PREPROCESSOR_DEFINITIONS = (
					"DEBUG=1",
					"$(inherited)",
				);
				GCC_WARN_64_TO_32_BIT_CONVERSION = YES;
				GCC_WARN_ABOUT_RETURN_TYPE = YES_ERROR;
				GCC_WARN_UNDECLARED_SELECTOR = YES;
				GCC_WARN_UNINITIALIZED_AUTOS = YES_AGGRESSIVE;
				GCC_WARN_UNUSED_FUNCTION = YES;
				GCC_WARN_UNUSED_VARIABLE = YES;
				IPHONEOS_DEPLOYMENT_TARGET = 10.3;
				MTL_ENABLE_DEBUG_INFO = YES;
				ONLY_ACTIVE_ARCH = YES;
				SDKROOT = iphoneos;
				SWIFT_ACTIVE_COMPILATION_CONDITIONS = DEBUG;
				SWIFT_OPTIMIZATION_LEVEL = "-Onone";
				TARGETED_DEVICE_FAMILY = "1,2";
			};
			name = Debug;
		};
		BA224E5D1EDED6400097A334 /* Release */ = {
			isa = XCBuildConfiguration;
			buildSettings = {
				ALWAYS_SEARCH_USER_PATHS = NO;
				CLANG_ANALYZER_NONNULL = YES;
				CLANG_ANALYZER_NUMBER_OBJECT_CONVERSION = YES_AGGRESSIVE;
				CLANG_CXX_LANGUAGE_STANDARD = "gnu++0x";
				CLANG_CXX_LIBRARY = "libc++";
				CLANG_ENABLE_MODULES = YES;
				CLANG_ENABLE_OBJC_ARC = YES;
				CLANG_WARN_BOOL_CONVERSION = YES;
				CLANG_WARN_CONSTANT_CONVERSION = YES;
				CLANG_WARN_DIRECT_OBJC_ISA_USAGE = YES_ERROR;
				CLANG_WARN_DOCUMENTATION_COMMENTS = YES;
				CLANG_WARN_EMPTY_BODY = YES;
				CLANG_WARN_ENUM_CONVERSION = YES;
				CLANG_WARN_INFINITE_RECURSION = YES;
				CLANG_WARN_INT_CONVERSION = YES;
				CLANG_WARN_OBJC_ROOT_CLASS = YES_ERROR;
				CLANG_WARN_SUSPICIOUS_MOVE = YES;
				CLANG_WARN_UNREACHABLE_CODE = YES;
				CLANG_WARN__DUPLICATE_METHOD_MATCH = YES;
				"CODE_SIGN_IDENTITY[sdk=iphoneos*]" = "iPhone Developer";
				COPY_PHASE_STRIP = NO;
				DEBUG_INFORMATION_FORMAT = "dwarf-with-dsym";
				ENABLE_NS_ASSERTIONS = NO;
				ENABLE_STRICT_OBJC_MSGSEND = YES;
				GCC_C_LANGUAGE_STANDARD = gnu99;
				GCC_NO_COMMON_BLOCKS = YES;
				GCC_WARN_64_TO_32_BIT_CONVERSION = YES;
				GCC_WARN_ABOUT_RETURN_TYPE = YES_ERROR;
				GCC_WARN_UNDECLARED_SELECTOR = YES;
				GCC_WARN_UNINITIALIZED_AUTOS = YES_AGGRESSIVE;
				GCC_WARN_UNUSED_FUNCTION = YES;
				GCC_WARN_UNUSED_VARIABLE = YES;
				IPHONEOS_DEPLOYMENT_TARGET = 10.3;
				MTL_ENABLE_DEBUG_INFO = NO;
				SDKROOT = iphoneos;
				SWIFT_OPTIMIZATION_LEVEL = "-Owholemodule";
				TARGETED_DEVICE_FAMILY = "1,2";
				VALIDATE_PRODUCT = YES;
			};
			name = Release;
		};
		BA224E5F1EDED6400097A334 /* Debug */ = {
			isa = XCBuildConfiguration;
			buildSettings = {
				ASSETCATALOG_COMPILER_APPICON_NAME = AppIcon;
				INFOPLIST_FILE = AutoLayout/Info.plist;
				LD_RUNPATH_SEARCH_PATHS = "$(inherited) @executable_path/Frameworks";
				PRODUCT_BUNDLE_IDENTIFIER = com.jihyun.AutoLayout;
				PRODUCT_NAME = "$(TARGET_NAME)";
				SWIFT_VERSION = 3.0;
			};
			name = Debug;
		};
		BA224E601EDED6400097A334 /* Release */ = {
			isa = XCBuildConfiguration;
			buildSettings = {
				ASSETCATALOG_COMPILER_APPICON_NAME = AppIcon;
				INFOPLIST_FILE = AutoLayout/Info.plist;
				LD_RUNPATH_SEARCH_PATHS = "$(inherited) @executable_path/Frameworks";
				PRODUCT_BUNDLE_IDENTIFIER = com.jihyun.AutoLayout;
				PRODUCT_NAME = "$(TARGET_NAME)";
				SWIFT_VERSION = 3.0;
			};
			name = Release;
		};
		BA224E621EDED6400097A334 /* Debug */ = {
			isa = XCBuildConfiguration;
			buildSettings = {
				ALWAYS_EMBED_SWIFT_STANDARD_LIBRARIES = YES;
				BUNDLE_LOADER = "$(TEST_HOST)";
				INFOPLIST_FILE = AutoLayoutTests/Info.plist;
				LD_RUNPATH_SEARCH_PATHS = "$(inherited) @executable_path/Frameworks @loader_path/Frameworks";
				PRODUCT_BUNDLE_IDENTIFIER = com.jihyun.AutoLayoutTests;
				PRODUCT_NAME = "$(TARGET_NAME)";
				SWIFT_VERSION = 3.0;
				TEST_HOST = "$(BUILT_PRODUCTS_DIR)/AutoLayout.app/AutoLayout";
			};
			name = Debug;
		};
		BA224E631EDED6400097A334 /* Release */ = {
			isa = XCBuildConfiguration;
			buildSettings = {
				ALWAYS_EMBED_SWIFT_STANDARD_LIBRARIES = YES;
				BUNDLE_LOADER = "$(TEST_HOST)";
				INFOPLIST_FILE = AutoLayoutTests/Info.plist;
				LD_RUNPATH_SEARCH_PATHS = "$(inherited) @executable_path/Frameworks @loader_path/Frameworks";
				PRODUCT_BUNDLE_IDENTIFIER = com.jihyun.AutoLayoutTests;
				PRODUCT_NAME = "$(TARGET_NAME)";
				SWIFT_VERSION = 3.0;
				TEST_HOST = "$(BUILT_PRODUCTS_DIR)/AutoLayout.app/AutoLayout";
			};
			name = Release;
		};
		BA224E651EDED6400097A334 /* Debug */ = {
			isa = XCBuildConfiguration;
			buildSettings = {
				ALWAYS_EMBED_SWIFT_STANDARD_LIBRARIES = YES;
				INFOPLIST_FILE = AutoLayoutUITests/Info.plist;
				LD_RUNPATH_SEARCH_PATHS = "$(inherited) @executable_path/Frameworks @loader_path/Frameworks";
				PRODUCT_BUNDLE_IDENTIFIER = com.jihyun.AutoLayoutUITests;
				PRODUCT_NAME = "$(TARGET_NAME)";
				SWIFT_VERSION = 3.0;
				TEST_TARGET_NAME = AutoLayout;
			};
			name = Debug;
		};
		BA224E661EDED6400097A334 /* Release */ = {
			isa = XCBuildConfiguration;
			buildSettings = {
				ALWAYS_EMBED_SWIFT_STANDARD_LIBRARIES = YES;
				INFOPLIST_FILE = AutoLayoutUITests/Info.plist;
				LD_RUNPATH_SEARCH_PATHS = "$(inherited) @executable_path/Frameworks @loader_path/Frameworks";
				PRODUCT_BUNDLE_IDENTIFIER = com.jihyun.AutoLayoutUITests;
				PRODUCT_NAME = "$(TARGET_NAME)";
				SWIFT_VERSION = 3.0;
				TEST_TARGET_NAME = AutoLayout;
			};
			name = Release;
		};
/* End XCBuildConfiguration section */

/* Begin XCConfigurationList section */
		BA224E311EDED63F0097A334 /* Build configuration list for PBXProject "AutoLayout" */ = {
			isa = XCConfigurationList;
			buildConfigurations = (
				BA224E5C1EDED6400097A334 /* Debug */,
				BA224E5D1EDED6400097A334 /* Release */,
			);
			defaultConfigurationIsVisible = 0;
			defaultConfigurationName = Release;
		};
		BA224E5E1EDED6400097A334 /* Build configuration list for PBXNativeTarget "AutoLayout" */ = {
			isa = XCConfigurationList;
			buildConfigurations = (
				BA224E5F1EDED6400097A334 /* Debug */,
				BA224E601EDED6400097A334 /* Release */,
			);
			defaultConfigurationIsVisible = 0;
		};
		BA224E611EDED6400097A334 /* Build configuration list for PBXNativeTarget "AutoLayoutTests" */ = {
			isa = XCConfigurationList;
			buildConfigurations = (
				BA224E621EDED6400097A334 /* Debug */,
				BA224E631EDED6400097A334 /* Release */,
			);
			defaultConfigurationIsVisible = 0;
		};
		BA224E641EDED6400097A334 /* Build configuration list for PBXNativeTarget "AutoLayoutUITests" */ = {
			isa = XCConfigurationList;
			buildConfigurations = (
				BA224E651EDED6400097A334 /* Debug */,
				BA224E661EDED6400097A334 /* Release */,
			);
			defaultConfigurationIsVisible = 0;
		};
/* End XCConfigurationList section */
	};
	rootObject = BA224E2E1EDED63F0097A334 /* Project object */;
}
